{
    "_readme": [
        "This file locks the dependencies of your project to a known state",
        "Read more about it at https://getcomposer.org/doc/01-basic-usage.md#installing-dependencies",
        "This file is @generated automatically"
    ],
    "content-hash": "e6ef8fa03e5b08aa955458a47791e265",
    "packages": [
        {
            "name": "imgix/imgix-php",
            "version": "3.3.0",
            "source": {
                "type": "git",
                "url": "https://github.com/imgix/imgix-php.git",
                "reference": "6995ca3440fe442b1175c12dc63b41617568b606"
            },
            "dist": {
                "type": "zip",
                "url": "https://api.github.com/repos/imgix/imgix-php/zipball/6995ca3440fe442b1175c12dc63b41617568b606",
                "reference": "6995ca3440fe442b1175c12dc63b41617568b606",
                "shasum": ""
            },
            "require": {
                "php": ">=5.3"
            },
            "require-dev": {
                "phpunit/phpunit": "*"
            },
            "type": "library",
            "autoload": {
                "psr-0": {
                    "Imgix\\": "src/"
                }
            },
            "notification-url": "https://packagist.org/downloads/",
            "license": [
                "BSD-2-Clause"
            ],
            "description": "A PHP client library for generating URLs with imgix.",
            "keywords": [
                "imgix"
            ],
            "support": {
                "issues": "https://github.com/imgix/imgix-php/issues",
                "source": "https://github.com/imgix/imgix-php/tree/3.3.0"
            },
            "time": "2020-06-05T21:57:36+00:00"
        }
    ],
    "packages-dev": [],
    "aliases": [],
    "minimum-stability": "stable",
    "stability-flags": [],
    "prefer-stable": false,
    "prefer-lowest": false,
    "platform": [],
    "platform-dev": [],
    "platform-overrides": {
        "php": "7.2.34"
    },
    "plugin-api-version": "2.6.0"
}
